// !$*UTF8*$!
{
	archiveVersion = 1;
	classes = {
	};
	objectVersion = 77;
	objects = {

/* Begin PBXContainerItemProxy section */
		D261C4BA2DD2193700B5E004 /* PBXContainerItemProxy */ = {
			isa = PBXContainerItemProxy;
			containerPortal = D261C49B2DD2193600B5E004 /* Project object */;
			proxyType = 1;
			remoteGlobalIDString = D261C4A22DD2193600B5E004;
			remoteInfo = dogApp;
		};
		D261C4C42DD2193700B5E004 /* PBXContainerItemProxy */ = {
			isa = PBXContainerItemProxy;
			containerPortal = D261C49B2DD2193600B5E004 /* Project object */;
			proxyType = 1;
			remoteGlobalIDString = D261C4A22DD2193600B5E004;
			remoteInfo = dogApp;
		};
/* End PBXContainerItemProxy section */

/* Begin PBXFileReference section */
		D261C4A32DD2193600B5E004 /* dogApp.app */ = {isa = PBXFileReference; explicitFileType = wrapper.application; includeInIndex = 0; path = dogApp.app; sourceTree = BUILT_PRODUCTS_DIR; };
		D261C4B92DD2193700B5E004 /* dogAppTests.xctest */ = {isa = PBXFileReference; explicitFileType = wrapper.cfbundle; includeInIndex = 0; path = dogAppTests.xctest; sourceTree = BUILT_PRODUCTS_DIR; };
		D261C4C32DD2193700B5E004 /* dogAppUITests.xctest */ = {isa = PBXFileReference; explicitFileType = wrapper.cfbundle; includeInIndex = 0; path = dogAppUITests.xctest; sourceTree = BUILT_PRODUCTS_DIR; };
/* End PBXFileReference section */

/* Begin PBXFileSystemSynchronizedBuildFileExceptionSet section */
		D261C4CB2DD2193700B5E004 /* Exceptions for "dogApp" folder in "dogApp" target */ = {
			isa = PBXFileSystemSynchronizedBuildFileExceptionSet;
			membershipExceptions = (
				Info.plist,
			);
			target = D261C4A22DD2193600B5E004 /* dogApp */;
		};
/* End PBXFileSystemSynchronizedBuildFileExceptionSet section */

/* Begin PBXFileSystemSynchronizedRootGroup section */
		D261C4A52DD2193600B5E004 /* dogApp */ = {
			isa = PBXFileSystemSynchronizedRootGroup;
			exceptions = (
				D261C4CB2DD2193700B5E004 /* Exceptions for "dogApp" folder in "dogApp" target */,
			);
			path = dogApp;
			sourceTree = "<group>";
		};
		D261C4BC2DD2193700B5E004 /* dogAppTests */ = {
			isa = PBXFileSystemSynchronizedRootGroup;
			path = dogAppTests;
			sourceTree = "<group>";
		};
		D261C4C62DD2193700B5E004 /* dogAppUITests */ = {
			isa = PBXFileSystemSynchronizedRootGroup;
			path = dogAppUITests;
			sourceTree = "<group>";
		};
/* End PBXFileSystemSynchronizedRootGroup section */

/* Begin PBXFrameworksBuildPhase section */
		D261C4A02DD2193600B5E004 /* Frameworks */ = {
			isa = PBXFrameworksBuildPhase;
			buildActionMask = 2147483647;
			files = (
			);
			runOnlyForDeploymentPostprocessing = 0;
		};
		D261C4B62DD2193700B5E004 /* Frameworks */ = {
			isa = PBXFrameworksBuildPhase;
			buildActionMask = 2147483647;
			files = (
			);
			runOnlyForDeploymentPostprocessing = 0;
		};
		D261C4C02DD2193700B5E004 /* Frameworks */ = {
			isa = PBXFrameworksBuildPhase;
			buildActionMask = 2147483647;
			files = (
			);
			runOnlyForDeploymentPostprocessing = 0;
		};
/* End PBXFrameworksBuildPhase section */

/* Begin PBXGroup section */
		D261C49A2DD2193600B5E004 = {
			isa = PBXGroup;
			children = (
				D261C4A52DD2193600B5E004 /* dogApp */,
				D261C4BC2DD2193700B5E004 /* dogAppTests */,
				D261C4C62DD2193700B5E004 /* dogAppUITests */,
				D261C4A42DD2193600B5E004 /* Products */,
			);
			sourceTree = "<group>";
		};
		D261C4A42DD2193600B5E004 /* Products */ = {
			isa = PBXGroup;
			children = (
				D261C4A32DD2193600B5E004 /* dogApp.app */,
				D261C4B92DD2193700B5E004 /* dogAppTests.xctest */,
				D261C4C32DD2193700B5E004 /* dogAppUITests.xctest */,
			);
			name = Products;
			sourceTree = "<group>";
		};
/* End PBXGroup section */

/* Begin PBXNativeTarget section */
		D261C4A22DD2193600B5E004 /* dogApp */ = {
			isa = PBXNativeTarget;
			buildConfigurationList = D261C4CC2DD2193700B5E004 /* Build configuration list for PBXNativeTarget "dogApp" */;
			buildPhases = (
				D261C49F2DD2193600B5E004 /* Sources */,
				D261C4A02DD2193600B5E004 /* Frameworks */,
				D261C4A12DD2193600B5E004 /* Resources */,
			);
			buildRules = (
			);
			dependencies = (
			);
			fileSystemSynchronizedGroups = (
				D261C4A52DD2193600B5E004 /* dogApp */,
			);
			name = dogApp;
			packageProductDependencies = (
			);
			productName = dogApp;
			productReference = D261C4A32DD2193600B5E004 /* dogApp.app */;
			productType = "com.apple.product-type.application";
		};
		D261C4B82DD2193700B5E004 /* dogAppTests */ = {
			isa = PBXNativeTarget;
			buildConfigurationList = D261C4D12DD2193700B5E004 /* Build configuration list for PBXNativeTarget "dogAppTests" */;
			buildPhases = (
				D261C4B52DD2193700B5E004 /* Sources */,
				D261C4B62DD2193700B5E004 /* Frameworks */,
				D261C4B72DD2193700B5E004 /* Resources */,
			);
			buildRules = (
			);
			dependencies = (
				D261C4BB2DD2193700B5E004 /* PBXTargetDependency */,
			);
			fileSystemSynchronizedGroups = (
				D261C4BC2DD2193700B5E004 /* dogAppTests */,
			);
			name = dogAppTests;
			packageProductDependencies = (
			);
			productName = dogAppTests;
			productReference = D261C4B92DD2193700B5E004 /* dogAppTests.xctest */;
			productType = "com.apple.product-type.bundle.unit-test";
		};
		D261C4C22DD2193700B5E004 /* dogAppUITests */ = {
			isa = PBXNativeTarget;
			buildConfigurationList = D261C4D42DD2193700B5E004 /* Build configuration list for PBXNativeTarget "dogAppUITests" */;
			buildPhases = (
				D261C4BF2DD2193700B5E004 /* Sources */,
				D261C4C02DD2193700B5E004 /* Frameworks */,
				D261C4C12DD2193700B5E004 /* Resources */,
			);
			buildRules = (
			);
			dependencies = (
				D261C4C52DD2193700B5E004 /* PBXTargetDependency */,
			);
			fileSystemSynchronizedGroups = (
				D261C4C62DD2193700B5E004 /* dogAppUITests */,
			);
			name = dogAppUITests;
			packageProductDependencies = (
			);
			productName = dogAppUITests;
			productReference = D261C4C32DD2193700B5E004 /* dogAppUITests.xctest */;
			productType = "com.apple.product-type.bundle.ui-testing";
		};
/* End PBXNativeTarget section */

/* Begin PBXProject section */
		D261C49B2DD2193600B5E004 /* Project object */ = {
			isa = PBXProject;
			attributes = {
				BuildIndependentTargetsInParallel = 1;
				LastSwiftUpdateCheck = 1620;
				LastUpgradeCheck = 1620;
				TargetAttributes = {
					D261C4A22DD2193600B5E004 = {
						CreatedOnToolsVersion = 16.2;
					};
					D261C4B82DD2193700B5E004 = {
						CreatedOnToolsVersion = 16.2;
						TestTargetID = D261C4A22DD2193600B5E004;
					};
					D261C4C22DD2193700B5E004 = {
						CreatedOnToolsVersion = 16.2;
						TestTargetID = D261C4A22DD2193600B5E004;
					};
				};
			};
			buildConfigurationList = D261C49E2DD2193600B5E004 /* Build configuration list for PBXProject "dogApp" */;
			developmentRegion = en;
			hasScannedForEncodings = 0;
			knownRegions = (
				en,
				Base,
			);
			mainGroup = D261C49A2DD2193600B5E004;
			minimizedProjectReferenceProxies = 1;
			preferredProjectObjectVersion = 77;
			productRefGroup = D261C4A42DD2193600B5E004 /* Products */;
			projectDirPath = "";
			projectRoot = "";
			targets = (
				D261C4A22DD2193600B5E004 /* dogApp */,
				D261C4B82DD2193700B5E004 /* dogAppTests */,
				D261C4C22DD2193700B5E004 /* dogAppUITests */,
			);
		};
/* End PBXProject section */

/* Begin PBXResourcesBuildPhase section */
		D261C4A12DD2193600B5E004 /* Resources */ = {
			isa = PBXResourcesBuildPhase;
			buildActionMask = 2147483647;
			files = (
			);
			runOnlyForDeploymentPostprocessing = 0;
		};
		D261C4B72DD2193700B5E004 /* Resources */ = {
			isa = PBXResourcesBuildPhase;
			buildActionMask = 2147483647;
			files = (
			);
			runOnlyForDeploymentPostprocessing = 0;
		};
		D261C4C12DD2193700B5E004 /* Resources */ = {
			isa = PBXResourcesBuildPhase;
			buildActionMask = 2147483647;
			files = (
			);
			runOnlyForDeploymentPostprocessing = 0;
		};
/* End PBXResourcesBuildPhase section */

/* Begin PBXSourcesBuildPhase section */
		D261C49F2DD2193600B5E004 /* Sources */ = {
			isa = PBXSourcesBuildPhase;
			buildActionMask = 2147483647;
			files = (
			);
			runOnlyForDeploymentPostprocessing = 0;
		};
		D261C4B52DD2193700B5E004 /* Sources */ = {
			isa = PBXSourcesBuildPhase;
			buildActionMask = 2147483647;
			files = (
			);
			runOnlyForDeploymentPostprocessing = 0;
		};
		D261C4BF2DD2193700B5E004 /* Sources */ = {
			isa = PBXSourcesBuildPhase;
			buildActionMask = 2147483647;
			files = (
			);
			runOnlyForDeploymentPostprocessing = 0;
		};
/* End PBXSourcesBuildPhase section */

/* Begin PBXTargetDependency section */
		D261C4BB2DD2193700B5E004 /* PBXTargetDependency */ = {
			isa = PBXTargetDependency;
			target = D261C4A22DD2193600B5E004 /* dogApp */;
			targetProxy = D261C4BA2DD2193700B5E004 /* PBXContainerItemProxy */;
		};
		D261C4C52DD2193700B5E004 /* PBXTargetDependency */ = {
			isa = PBXTargetDependency;
			target = D261C4A22DD2193600B5E004 /* dogApp */;
			targetProxy = D261C4C42DD2193700B5E004 /* PBXContainerItemProxy */;
		};
/* End PBXTargetDependency section */

/* Begin XCBuildConfiguration section */
		D261C4CD2DD2193700B5E004 /* Debug */ = {
			isa = XCBuildConfiguration;
			buildSettings = {
				ASSETCATALOG_COMPILER_APPICON_NAME = AppIcon;
				ASSETCATALOG_COMPILER_GLOBAL_ACCENT_COLOR_NAME = AccentColor;
				CODE_SIGN_STYLE = Automatic;
				CURRENT_PROJECT_VERSION = 1;
				DEVELOPMENT_TEAM = P7R9UNDM2M;
				GENERATE_INFOPLIST_FILE = YES;
				INFOPLIST_FILE = dogApp/Info.plist;
				INFOPLIST_KEY_UIApplicationSupportsIndirectInputEvents = YES;
				INFOPLIST_KEY_UILaunchStoryboardName = LaunchScreen;
				INFOPLIST_KEY_UIMainStoryboardFile = Main;
				INFOPLIST_KEY_UISupportedInterfaceOrientations_iPad = "UIInterfaceOrientationPortrait UIInterfaceOrientationPortraitUpsideDown UIInterfaceOrientationLandscapeLeft UIInterfaceOrientationLandscapeRight";
				INFOPLIST_KEY_UISupportedInterfaceOrientations_iPhone = "UIInterfaceOrientationPortrait UIInterfaceOrientationLandscapeLeft UIInterfaceOrientationLandscapeRight";
				LD_RUNPATH_SEARCH_PATHS = (
					"$(inherited)",
					"@executable_path/Frameworks",
				);
				MARKETING_VERSION = 1.0;
				PRODUCT_BUNDLE_IDENTIFIER = com.eloddobos.dogApp.dogApp;
				PRODUCT_NAME = "$(TARGET_NAME)";
				SWIFT_EMIT_LOC_STRINGS = YES;
				SWIFT_VERSION = 5.0;
				TARGETED_DEVICE_FAMILY = "1,2";
			};
			name = Debug;
		};
		D261C4CE2DD2193700B5E004 /* Release */ = {
			isa = XCBuildConfiguration;
			buildSettings = {
				ASSETCATALOG_COMPILER_APPICON_NAME = AppIcon;
				ASSETCATALOG_COMPILER_GLOBAL_ACCENT_COLOR_NAME = AccentColor;
				CODE_SIGN_STYLE = Automatic;
				CURRENT_PROJECT_VERSION = 1;
				DEVELOPMENT_TEAM = P7R9UNDM2M;
				GENERATE_INFOPLIST_FILE = YES;
				INFOPLIST_FILE = dogApp/Info.plist;
				INFOPLIST_KEY_UIApplicationSupportsIndirectInputEvents = YES;
				INFOPLIST_KEY_UILaunchStoryboardName = LaunchScreen;
				INFOPLIST_KEY_UIMainStoryboardFile = Main;
				INFOPLIST_KEY_UISupportedInterfaceOrientations_iPad = "UIInterfaceOrientationPortrait UIInterfaceOrientationPortraitUpsideDown UIInterfaceOrientationLandscapeLeft UIInterfaceOrientationLandscapeRight";
				INFOPLIST_KEY_UISupportedInterfaceOrientations_iPhone = "UIInterfaceOrientationPortrait UIInterfaceOrientationLandscapeLeft UIInterfaceOrientationLandscapeRight";
				LD_RUNPATH_SEARCH_PATHS = (
					"$(inherited)",
					"@executable_path/Frameworks",
				);
				MARKETING_VERSION = 1.0;
				PRODUCT_BUNDLE_IDENTIFIER = com.eloddobos.dogApp.dogApp;
				PRODUCT_NAME = "$(TARGET_NAME)";
				SWIFT_EMIT_LOC_STRINGS = YES;
				SWIFT_VERSION = 5.0;
				TARGETED_DEVICE_FAMILY = "1,2";
			};
			name = Release;
		};
		D261C4CF2DD2193700B5E004 /* Debug */ = {
			isa = XCBuildConfiguration;
			buildSettings = {
				ALWAYS_SEARCH_USER_PATHS = NO;
				ASSETCATALOG_COMPILER_GENERATE_SWIFT_ASSET_SYMBOL_EXTENSIONS = YES;
				CLANG_ANALYZER_NONNULL = YES;
				CLANG_ANALYZER_NUMBER_OBJECT_CONVERSION = YES_AGGRESSIVE;
				CLANG_CXX_LANGUAGE_STANDARD = "gnu++20";
				CLANG_ENABLE_MODULES = YES;
				CLANG_ENABLE_OBJC_ARC = YES;
				CLANG_ENABLE_OBJC_WEAK = YES;
				CLANG_WARN_BLOCK_CAPTURE_AUTORELEASING = YES;
				CLANG_WARN_BOOL_CONVERSION = YES;
				CLANG_WARN_COMMA = YES;
				CLANG_WARN_CONSTANT_CONVERSION = YES;
				CLANG_WARN_DEPRECATED_OBJC_IMPLEMENTATIONS = YES;
				CLANG_WARN_DIRECT_OBJC_ISA_USAGE = YES_ERROR;
				CLANG_WARN_DOCUMENTATION_COMMENTS = YES;
				CLANG_WARN_EMPTY_BODY = YES;
				CLANG_WARN_ENUM_CONVERSION = YES;
				CLANG_WARN_INFINITE_RECURSION = YES;
				CLANG_WARN_INT_CONVERSION = YES;
				CLANG_WARN_NON_LITERAL_NULL_CONVERSION = YES;
				CLANG_WARN_OBJC_IMPLICIT_RETAIN_SELF = YES;
				CLANG_WARN_OBJC_LITERAL_CONVERSION = YES;
				CLANG_WARN_OBJC_ROOT_CLASS = YES_ERROR;
				CLANG_WARN_QUOTED_INCLUDE_IN_FRAMEWORK_HEADER = YES;
				CLANG_WARN_RANGE_LOOP_ANALYSIS = YES;
				CLANG_WARN_STRICT_PROTOTYPES = YES;
				CLANG_WARN_SUSPICIOUS_MOVE = YES;
				CLANG_WARN_UNGUARDED_AVAILABILITY = YES_AGGRESSIVE;
				CLANG_WARN_UNREACHABLE_CODE = YES;
				CLANG_WARN__DUPLICATE_METHOD_MATCH = YES;
				COPY_PHASE_STRIP = NO;
				DEBUG_INFORMATION_FORMAT = dwarf;
				ENABLE_STRICT_OBJC_MSGSEND = YES;
				ENABLE_TESTABILITY = YES;
				ENABLE_USER_SCRIPT_SANDBOXING = YES;
				GCC_C_LANGUAGE_STANDARD = gnu17;
				GCC_DYNAMIC_NO_PIC = NO;
				GCC_NO_COMMON_BLOCKS = YES;
				GCC_OPTIMIZATION_LEVEL = 0;
				GCC_PREPROCESSOR_DEFINITIONS = (
					"DEBUG=1",
					"$(inherited)",
				);
				GCC_WARN_64_TO_32_BIT_CONVERSION = YES;
				GCC_WARN_ABOUT_RETURN_TYPE = YES_ERROR;
				GCC_WARN_UNDECLARED_SELECTOR = YES;
				GCC_WARN_UNINITIALIZED_AUTOS = YES_AGGRESSIVE;
				GCC_WARN_UNUSED_FUNCTION = YES;
				GCC_WARN_UNUSED_VARIABLE = YES;
				IPHONEOS_DEPLOYMENT_TARGET = 18.2;
				LOCALIZATION_PREFERS_STRING_CATALOGS = YES;
				MTL_ENABLE_DEBUG_INFO = INCLUDE_SOURCE;
				MTL_FAST_MATH = YES;
				ONLY_ACTIVE_ARCH = YES;
				SDKROOT = iphoneos;
				SWIFT_ACTIVE_COMPILATION_CONDITIONS = "DEBUG $(inherited)";
				SWIFT_OPTIMIZATION_LEVEL = "-Onone";
			};
			name = Debug;
		};
		D261C4D02DD2193700B5E004 /* Release */ = {
			isa = XCBuildConfiguration;
			buildSettings = {
				ALWAYS_SEARCH_USER_PATHS = NO;
				ASSETCATALOG_COMPILER_GENERATE_SWIFT_ASSET_SYMBOL_EXTENSIONS = YES;
				CLANG_ANALYZER_NONNULL = YES;
				CLANG_ANALYZER_NUMBER_OBJECT_CONVERSION = YES_AGGRESSIVE;
				CLANG_CXX_LANGUAGE_STANDARD = "gnu++20";
				CLANG_ENABLE_MODULES = YES;
				CLANG_ENABLE_OBJC_ARC = YES;
				CLANG_ENABLE_OBJC_WEAK = YES;
				CLANG_WARN_BLOCK_CAPTURE_AUTORELEASING = YES;
				CLANG_WARN_BOOL_CONVERSION = YES;
				CLANG_WARN_COMMA = YES;
				CLANG_WARN_CONSTANT_CONVERSION = YES;
				CLANG_WARN_DEPRECATED_OBJC_IMPLEMENTATIONS = YES;
				CLANG_WARN_DIRECT_OBJC_ISA_USAGE = YES_ERROR;
				CLANG_WARN_DOCUMENTATION_COMMENTS = YES;
				CLANG_WARN_EMPTY_BODY = YES;
				CLANG_WARN_ENUM_CONVERSION = YES;
				CLANG_WARN_INFINITE_RECURSION = YES;
				CLANG_WARN_INT_CONVERSION = YES;
				CLANG_WARN_NON_LITERAL_NULL_CONVERSION = YES;
				CLANG_WARN_OBJC_IMPLICIT_RETAIN_SELF = YES;
				CLANG_WARN_OBJC_LITERAL_CONVERSION = YES;
				CLANG_WARN_OBJC_ROOT_CLASS = YES_ERROR;
				CLANG_WARN_QUOTED_INCLUDE_IN_FRAMEWORK_HEADER = YES;
				CLANG_WARN_RANGE_LOOP_ANALYSIS = YES;
				CLANG_WARN_STRICT_PROTOTYPES = YES;
				CLANG_WARN_SUSPICIOUS_MOVE = YES;
				CLANG_WARN_UNGUARDED_AVAILABILITY = YES_AGGRESSIVE;
				CLANG_WARN_UNREACHABLE_CODE = YES;
				CLANG_WARN__DUPLICATE_METHOD_MATCH = YES;
				COPY_PHASE_STRIP = NO;
				DEBUG_INFORMATION_FORMAT = "dwarf-with-dsym";
				ENABLE_NS_ASSERTIONS = NO;
				ENABLE_STRICT_OBJC_MSGSEND = YES;
				ENABLE_USER_SCRIPT_SANDBOXING = YES;
				GCC_C_LANGUAGE_STANDARD = gnu17;
				GCC_NO_COMMON_BLOCKS = YES;
				GCC_WARN_64_TO_32_BIT_CONVERSION = YES;
				GCC_WARN_ABOUT_RETURN_TYPE = YES_ERROR;
				GCC_WARN_UNDECLARED_SELECTOR = YES;
				GCC_WARN_UNINITIALIZED_AUTOS = YES_AGGRESSIVE;
				GCC_WARN_UNUSED_FUNCTION = YES;
				GCC_WARN_UNUSED_VARIABLE = YES;
				IPHONEOS_DEPLOYMENT_TARGET = 18.2;
				LOCALIZATION_PREFERS_STRING_CATALOGS = YES;
				MTL_ENABLE_DEBUG_INFO = NO;
				MTL_FAST_MATH = YES;
				SDKROOT = iphoneos;
				SWIFT_COMPILATION_MODE = wholemodule;
				VALIDATE_PRODUCT = YES;
			};
			name = Release;
		};
		D261C4D22DD2193700B5E004 /* Debug */ = {
			isa = XCBuildConfiguration;
			buildSettings = {
				BUNDLE_LOADER = "$(TEST_HOST)";
				CODE_SIGN_STYLE = Automatic;
				CURRENT_PROJECT_VERSION = 1;
				DEVELOPMENT_TEAM = P7R9UNDM2M;
				GENERATE_INFOPLIST_FILE = YES;
				IPHONEOS_DEPLOYMENT_TARGET = 18.2;
				MARKETING_VERSION = 1.0;
				PRODUCT_BUNDLE_IDENTIFIER = com.eloddobos.dogApp.dogAppTests;
				PRODUCT_NAME = "$(TARGET_NAME)";
				SWIFT_EMIT_LOC_STRINGS = NO;
				SWIFT_VERSION = 5.0;
				TARGETED_DEVICE_FAMILY = "1,2";
				TEST_HOST = "$(BUILT_PRODUCTS_DIR)/dogApp.app/$(BUNDLE_EXECUTABLE_FOLDER_PATH)/dogApp";
			};
			name = Debug;
		};
		D261C4D32DD2193700B5E004 /* Release */ = {
			isa = XCBuildConfiguration;
			buildSettings = {
				BUNDLE_LOADER = "$(TEST_HOST)";
				CODE_SIGN_STYLE = Automatic;
				CURRENT_PROJECT_VERSION = 1;
				DEVELOPMENT_TEAM = P7R9UNDM2M;
				GENERATE_INFOPLIST_FILE = YES;
				IPHONEOS_DEPLOYMENT_TARGET = 18.2;
				MARKETING_VERSION = 1.0;
				PRODUCT_BUNDLE_IDENTIFIER = com.eloddobos.dogApp.dogAppTests;
				PRODUCT_NAME = "$(TARGET_NAME)";
				SWIFT_EMIT_LOC_STRINGS = NO;
				SWIFT_VERSION = 5.0;
				TARGETED_DEVICE_FAMILY = "1,2";
				TEST_HOST = "$(BUILT_PRODUCTS_DIR)/dogApp.app/$(BUNDLE_EXECUTABLE_FOLDER_PATH)/dogApp";
			};
			name = Release;
		};
		D261C4D52DD2193700B5E004 /* Debug */ = {
			isa = XCBuildConfiguration;
			buildSettings = {
				CODE_SIGN_STYLE = Automatic;
				CURRENT_PROJECT_VERSION = 1;
				DEVELOPMENT_TEAM = P7R9UNDM2M;
				GENERATE_INFOPLIST_FILE = YES;
				MARKETING_VERSION = 1.0;
				PRODUCT_BUNDLE_IDENTIFIER = com.eloddobos.dogApp.dogAppUITests;
				PRODUCT_NAME = "$(TARGET_NAME)";
				SWIFT_EMIT_LOC_STRINGS = NO;
				SWIFT_VERSION = 5.0;
				TARGETED_DEVICE_FAMILY = "1,2";
				TEST_TARGET_NAME = dogApp;
			};
			name = Debug;
		};
		D261C4D62DD2193700B5E004 /* Release */ = {
			isa = XCBuildConfiguration;
			buildSettings = {
				CODE_SIGN_STYLE = Automatic;
				CURRENT_PROJECT_VERSION = 1;
				DEVELOPMENT_TEAM = P7R9UNDM2M;
				GENERATE_INFOPLIST_FILE = YES;
				MARKETING_VERSION = 1.0;
				PRODUCT_BUNDLE_IDENTIFIER = com.eloddobos.dogApp.dogAppUITests;
				PRODUCT_NAME = "$(TARGET_NAME)";
				SWIFT_EMIT_LOC_STRINGS = NO;
				SWIFT_VERSION = 5.0;
				TARGETED_DEVICE_FAMILY = "1,2";
				TEST_TARGET_NAME = dogApp;
			};
			name = Release;
		};
/* End XCBuildConfiguration section */

/* Begin XCConfigurationList section */
		D261C49E2DD2193600B5E004 /* Build configuration list for PBXProject "dogApp" */ = {
			isa = XCConfigurationList;
			buildConfigurations = (
				D261C4CF2DD2193700B5E004 /* Debug */,
				D261C4D02DD2193700B5E004 /* Release */,
			);
			defaultConfigurationIsVisible = 0;
			defaultConfigurationName = Release;
		};
		D261C4CC2DD2193700B5E004 /* Build configuration list for PBXNativeTarget "dogApp" */ = {
			isa = XCConfigurationList;
			buildConfigurations = (
				D261C4CD2DD2193700B5E004 /* Debug */,
				D261C4CE2DD2193700B5E004 /* Release */,
			);
			defaultConfigurationIsVisible = 0;
			defaultConfigurationName = Release;
		};
		D261C4D12DD2193700B5E004 /* Build configuration list for PBXNativeTarget "dogAppTests" */ = {
			isa = XCConfigurationList;
			buildConfigurations = (
				D261C4D22DD2193700B5E004 /* Debug */,
				D261C4D32DD2193700B5E004 /* Release */,
			);
			defaultConfigurationIsVisible = 0;
			defaultConfigurationName = Release;
		};
		D261C4D42DD2193700B5E004 /* Build configuration list for PBXNativeTarget "dogAppUITests" */ = {
			isa = XCConfigurationList;
			buildConfigurations = (
				D261C4D52DD2193700B5E004 /* Debug */,
				D261C4D62DD2193700B5E004 /* Release */,
			);
			defaultConfigurationIsVisible = 0;
			defaultConfigurationName = Release;
		};
/* End XCConfigurationList section */
	};
	rootObject = D261C49B2DD2193600B5E004 /* Project object */;
}
